
Microsoft Visual Studio Solution File, Format Version 12.00
# Visual Studio Version 16
VisualStudioVersion = 16.0.31424.327
MinimumVisualStudioVersion = 10.0.40219.1
Project("{FAE04EC0-301F-11D3-BF4B-00C04F79EFBC}") = "Lift", "Lift.csproj", "{2BE53A42-2D96-4023-80E4-8E079D5D613B}"
EndProject
Global
	GlobalSection(SolutionConfigurationPlatforms) = preSolution
		Debug|Any CPU = Debug|Any CPU
		Release|Any CPU = Release|Any CPU
	EndGlobalSection
	GlobalSection(ProjectConfigurationPlatforms) = postSolution
		{2BE53A42-2D96-4023-80E4-8E079D5D613B}.Debug|Any CPU.ActiveCfg = Debug|Any CPU
		{2BE53A42-2D96-4023-80E4-8E079D5D613B}.Debug|Any CPU.Build.0 = Debug|Any CPU
		{2BE53A42-2D96-4023-80E4-8E079D5D613B}.Release|Any CPU.ActiveCfg = Release|Any CPU
		{2BE53A42-2D96-4023-80E4-8E079D5D613B}.Release|Any CPU.Build.0 = Release|Any CPU
	EndGlobalSection
	GlobalSection(SolutionProperties) = preSolution
		HideSolutionNode = FALSE
	EndGlobalSection
	GlobalSection(ExtensibilityGlobals) = postSolution
		SolutionGuid = {7E5F94D9-30D1-4F3E-9B74-C4AD73223F74}
	EndGlobalSection
EndGlobal
